// !$*UTF8*$!
{
	archiveVersion = 1;
	classes = {
	};
	objectVersion = 51;
	objects = {

/* Begin PBXBuildFile section */
		29046C78DD057775ADDB9FB8 /* Pods_CandyTodoTests.framework in Frameworks */ = {isa = PBXBuildFile; fileRef = 44E011F49A50FC1D5F793375 /* Pods_CandyTodoTests.framework */; };
		2EB77BF2D1F3D78073E868FF /* Pods_CandyTodo.framework in Frameworks */ = {isa = PBXBuildFile; fileRef = 417E1ABC710CBE0D13B4152B /* Pods_CandyTodo.framework */; };
		56BC0890A9C689E521F0DCA8 /* Pods_CandyTodoUITests.framework in Frameworks */ = {isa = PBXBuildFile; fileRef = 1CD9E76388A24AC6B9CADF34 /* Pods_CandyTodoUITests.framework */; };
		8C235931228B0C9D00DE4C7C /* RegisterViewController.swift in Sources */ = {isa = PBXBuildFile; fileRef = 8C235930228B0C9D00DE4C7C /* RegisterViewController.swift */; };
		8C28D1BF229EACE80042D1C5 /* MainViewController.swift in Sources */ = {isa = PBXBuildFile; fileRef = 8C28D1BE229EACE80042D1C5 /* MainViewController.swift */; };
		8C28D1D3229EB7B40042D1C5 /* ListVC.swift in Sources */ = {isa = PBXBuildFile; fileRef = 8C28D1D2229EB7B40042D1C5 /* ListVC.swift */; };
		8C28D1D7229ECF600042D1C5 /* HeaderView.swift in Sources */ = {isa = PBXBuildFile; fileRef = 8C28D1D6229ECF600042D1C5 /* HeaderView.swift */; };
		8C28D1F8229EDC7D0042D1C5 /* SchedulerVC.swift in Sources */ = {isa = PBXBuildFile; fileRef = 8C28D1F7229EDC7D0042D1C5 /* SchedulerVC.swift */; };
		8C28D1FB229F1C1A0042D1C5 /* NotificationsVC.swift in Sources */ = {isa = PBXBuildFile; fileRef = 8C28D1FA229F1C1A0042D1C5 /* NotificationsVC.swift */; };
		8C28D1FE229F1E2A0042D1C5 /* ProfileVC.swift in Sources */ = {isa = PBXBuildFile; fileRef = 8C28D1FD229F1E2A0042D1C5 /* ProfileVC.swift */; };
		8C28D200229F30F50042D1C5 /* MiddleButton.swift in Sources */ = {isa = PBXBuildFile; fileRef = 8C28D1FF229F30F50042D1C5 /* MiddleButton.swift */; };
		8C28D202229FAE9B0042D1C5 /* NewTaskVC.swift in Sources */ = {isa = PBXBuildFile; fileRef = 8C28D201229FAE9B0042D1C5 /* NewTaskVC.swift */; };
		8C28D204229FB06E0042D1C5 /* TaskTextField.swift in Sources */ = {isa = PBXBuildFile; fileRef = 8C28D203229FB06E0042D1C5 /* TaskTextField.swift */; };
		8C28D206229FB4B40042D1C5 /* EnterTextField.swift in Sources */ = {isa = PBXBuildFile; fileRef = 8C28D205229FB4B40042D1C5 /* EnterTextField.swift */; };
		8C28D20822A03FD70042D1C5 /* EditProfileVC.swift in Sources */ = {isa = PBXBuildFile; fileRef = 8C28D20722A03FD70042D1C5 /* EditProfileVC.swift */; };
		8CEAA74622C22ECC00BF2445 /* GoogleService-Info.plist in Resources */ = {isa = PBXBuildFile; fileRef = 8CEAA74522C22ECC00BF2445 /* GoogleService-Info.plist */; };
		8CEAA74922C2A88300BF2445 /* Firestore+Ext.swift in Sources */ = {isa = PBXBuildFile; fileRef = 8CEAA74822C2A88300BF2445 /* Firestore+Ext.swift */; };
		8CF5E8B0228A8D99007BF40A /* AppDelegate.swift in Sources */ = {isa = PBXBuildFile; fileRef = 8CF5E8AF228A8D99007BF40A /* AppDelegate.swift */; };
		8CF5E8B5228A8D99007BF40A /* Main.storyboard in Resources */ = {isa = PBXBuildFile; fileRef = 8CF5E8B3228A8D99007BF40A /* Main.storyboard */; };
		8CF5E8B7228A8D9A007BF40A /* Assets.xcassets in Resources */ = {isa = PBXBuildFile; fileRef = 8CF5E8B6228A8D9A007BF40A /* Assets.xcassets */; };
		8CF5E8BA228A8D9A007BF40A /* LaunchScreen.storyboard in Resources */ = {isa = PBXBuildFile; fileRef = 8CF5E8B8228A8D9A007BF40A /* LaunchScreen.storyboard */; };
		8CF5E8C5228A8D9A007BF40A /* CandyTodoTests.swift in Sources */ = {isa = PBXBuildFile; fileRef = 8CF5E8C4228A8D9A007BF40A /* CandyTodoTests.swift */; };
		8CF5E8D0228A8D9A007BF40A /* CandyTodoUITests.swift in Sources */ = {isa = PBXBuildFile; fileRef = 8CF5E8CF228A8D9A007BF40A /* CandyTodoUITests.swift */; };
		8CF5E8E3228A8F59007BF40A /* Constants.swift in Sources */ = {isa = PBXBuildFile; fileRef = 8CF5E8E2228A8F59007BF40A /* Constants.swift */; };
		8CF5E8E5228A9942007BF40A /* LoginViewController.swift in Sources */ = {isa = PBXBuildFile; fileRef = 8CF5E8E4228A9942007BF40A /* LoginViewController.swift */; };
		8CF5E8EA228AA3EE007BF40A /* TitleLabel.swift in Sources */ = {isa = PBXBuildFile; fileRef = 8CF5E8E9228AA3EE007BF40A /* TitleLabel.swift */; };
/* End PBXBuildFile section */

/* Begin PBXContainerItemProxy section */
		8CF5E8C1228A8D9A007BF40A /* PBXContainerItemProxy */ = {
			isa = PBXContainerItemProxy;
			containerPortal = 8CF5E8A4228A8D98007BF40A /* Project object */;
			proxyType = 1;
			remoteGlobalIDString = 8CF5E8AB228A8D98007BF40A;
			remoteInfo = CandyTodo;
		};
		8CF5E8CC228A8D9A007BF40A /* PBXContainerItemProxy */ = {
			isa = PBXContainerItemProxy;
			containerPortal = 8CF5E8A4228A8D98007BF40A /* Project object */;
			proxyType = 1;
			remoteGlobalIDString = 8CF5E8AB228A8D98007BF40A;
			remoteInfo = CandyTodo;
		};
/* End PBXContainerItemProxy section */

/* Begin PBXFileReference section */
		096BE6F238DC74D16C71FB2E /* Pods-CandyTodoTests.release.xcconfig */ = {isa = PBXFileReference; includeInIndex = 1; lastKnownFileType = text.xcconfig; name = "Pods-CandyTodoTests.release.xcconfig"; path = "Target Support Files/Pods-CandyTodoTests/Pods-CandyTodoTests.release.xcconfig"; sourceTree = "<group>"; };
		0A2C66D67B2209C5DE6746FE /* Pods-CandyTodoTests.debug.xcconfig */ = {isa = PBXFileReference; includeInIndex = 1; lastKnownFileType = text.xcconfig; name = "Pods-CandyTodoTests.debug.xcconfig"; path = "Target Support Files/Pods-CandyTodoTests/Pods-CandyTodoTests.debug.xcconfig"; sourceTree = "<group>"; };
		0A80D37EF3A5DD335D86DDE2 /* Pods-CandyTodo.release.xcconfig */ = {isa = PBXFileReference; includeInIndex = 1; lastKnownFileType = text.xcconfig; name = "Pods-CandyTodo.release.xcconfig"; path = "Target Support Files/Pods-CandyTodo/Pods-CandyTodo.release.xcconfig"; sourceTree = "<group>"; };
		1CD9E76388A24AC6B9CADF34 /* Pods_CandyTodoUITests.framework */ = {isa = PBXFileReference; explicitFileType = wrapper.framework; includeInIndex = 0; path = Pods_CandyTodoUITests.framework; sourceTree = BUILT_PRODUCTS_DIR; };
		417E1ABC710CBE0D13B4152B /* Pods_CandyTodo.framework */ = {isa = PBXFileReference; explicitFileType = wrapper.framework; includeInIndex = 0; path = Pods_CandyTodo.framework; sourceTree = BUILT_PRODUCTS_DIR; };
		44E011F49A50FC1D5F793375 /* Pods_CandyTodoTests.framework */ = {isa = PBXFileReference; explicitFileType = wrapper.framework; includeInIndex = 0; path = Pods_CandyTodoTests.framework; sourceTree = BUILT_PRODUCTS_DIR; };
		6BA5A92F191EA5E906AB810C /* Pods-CandyTodoUITests.release.xcconfig */ = {isa = PBXFileReference; includeInIndex = 1; lastKnownFileType = text.xcconfig; name = "Pods-CandyTodoUITests.release.xcconfig"; path = "Target Support Files/Pods-CandyTodoUITests/Pods-CandyTodoUITests.release.xcconfig"; sourceTree = "<group>"; };
		856FEC8B9AC44A5FBF32B7DF /* Pods-CandyTodo.debug.xcconfig */ = {isa = PBXFileReference; includeInIndex = 1; lastKnownFileType = text.xcconfig; name = "Pods-CandyTodo.debug.xcconfig"; path = "Target Support Files/Pods-CandyTodo/Pods-CandyTodo.debug.xcconfig"; sourceTree = "<group>"; };
		8C235930228B0C9D00DE4C7C /* RegisterViewController.swift */ = {isa = PBXFileReference; lastKnownFileType = sourcecode.swift; path = RegisterViewController.swift; sourceTree = "<group>"; };
		8C28D1BE229EACE80042D1C5 /* MainViewController.swift */ = {isa = PBXFileReference; lastKnownFileType = sourcecode.swift; path = MainViewController.swift; sourceTree = "<group>"; };
		8C28D1D2229EB7B40042D1C5 /* ListVC.swift */ = {isa = PBXFileReference; lastKnownFileType = sourcecode.swift; path = ListVC.swift; sourceTree = "<group>"; };
		8C28D1D6229ECF600042D1C5 /* HeaderView.swift */ = {isa = PBXFileReference; lastKnownFileType = sourcecode.swift; path = HeaderView.swift; sourceTree = "<group>"; };
		8C28D1F7229EDC7D0042D1C5 /* SchedulerVC.swift */ = {isa = PBXFileReference; lastKnownFileType = sourcecode.swift; path = SchedulerVC.swift; sourceTree = "<group>"; };
		8C28D1FA229F1C1A0042D1C5 /* NotificationsVC.swift */ = {isa = PBXFileReference; lastKnownFileType = sourcecode.swift; path = NotificationsVC.swift; sourceTree = "<group>"; };
		8C28D1FD229F1E2A0042D1C5 /* ProfileVC.swift */ = {isa = PBXFileReference; lastKnownFileType = sourcecode.swift; path = ProfileVC.swift; sourceTree = "<group>"; };
		8C28D1FF229F30F50042D1C5 /* MiddleButton.swift */ = {isa = PBXFileReference; lastKnownFileType = sourcecode.swift; path = MiddleButton.swift; sourceTree = "<group>"; };
		8C28D201229FAE9B0042D1C5 /* NewTaskVC.swift */ = {isa = PBXFileReference; lastKnownFileType = sourcecode.swift; path = NewTaskVC.swift; sourceTree = "<group>"; };
		8C28D203229FB06E0042D1C5 /* TaskTextField.swift */ = {isa = PBXFileReference; lastKnownFileType = sourcecode.swift; path = TaskTextField.swift; sourceTree = "<group>"; };
		8C28D205229FB4B40042D1C5 /* EnterTextField.swift */ = {isa = PBXFileReference; lastKnownFileType = sourcecode.swift; path = EnterTextField.swift; sourceTree = "<group>"; };
		8C28D20722A03FD70042D1C5 /* EditProfileVC.swift */ = {isa = PBXFileReference; lastKnownFileType = sourcecode.swift; path = EditProfileVC.swift; sourceTree = "<group>"; };
		8CEAA74522C22ECC00BF2445 /* GoogleService-Info.plist */ = {isa = PBXFileReference; fileEncoding = 4; lastKnownFileType = text.plist.xml; path = "GoogleService-Info.plist"; sourceTree = "<group>"; };
		8CEAA74822C2A88300BF2445 /* Firestore+Ext.swift */ = {isa = PBXFileReference; lastKnownFileType = sourcecode.swift; path = "Firestore+Ext.swift"; sourceTree = "<group>"; };
		8CF5E8AC228A8D98007BF40A /* CandyTodo.app */ = {isa = PBXFileReference; explicitFileType = wrapper.application; includeInIndex = 0; path = CandyTodo.app; sourceTree = BUILT_PRODUCTS_DIR; };
		8CF5E8AF228A8D99007BF40A /* AppDelegate.swift */ = {isa = PBXFileReference; lastKnownFileType = sourcecode.swift; path = AppDelegate.swift; sourceTree = "<group>"; };
		8CF5E8B4228A8D99007BF40A /* Base */ = {isa = PBXFileReference; lastKnownFileType = file.storyboard; name = Base; path = Base.lproj/Main.storyboard; sourceTree = "<group>"; };
		8CF5E8B6228A8D9A007BF40A /* Assets.xcassets */ = {isa = PBXFileReference; lastKnownFileType = folder.assetcatalog; path = Assets.xcassets; sourceTree = "<group>"; };
		8CF5E8B9228A8D9A007BF40A /* Base */ = {isa = PBXFileReference; lastKnownFileType = file.storyboard; name = Base; path = Base.lproj/LaunchScreen.storyboard; sourceTree = "<group>"; };
		8CF5E8BB228A8D9A007BF40A /* Info.plist */ = {isa = PBXFileReference; lastKnownFileType = text.plist.xml; path = Info.plist; sourceTree = "<group>"; };
		8CF5E8C0228A8D9A007BF40A /* CandyTodoTests.xctest */ = {isa = PBXFileReference; explicitFileType = wrapper.cfbundle; includeInIndex = 0; path = CandyTodoTests.xctest; sourceTree = BUILT_PRODUCTS_DIR; };
		8CF5E8C4228A8D9A007BF40A /* CandyTodoTests.swift */ = {isa = PBXFileReference; lastKnownFileType = sourcecode.swift; path = CandyTodoTests.swift; sourceTree = "<group>"; };
		8CF5E8C6228A8D9A007BF40A /* Info.plist */ = {isa = PBXFileReference; lastKnownFileType = text.plist.xml; path = Info.plist; sourceTree = "<group>"; };
		8CF5E8CB228A8D9A007BF40A /* CandyTodoUITests.xctest */ = {isa = PBXFileReference; explicitFileType = wrapper.cfbundle; includeInIndex = 0; path = CandyTodoUITests.xctest; sourceTree = BUILT_PRODUCTS_DIR; };
		8CF5E8CF228A8D9A007BF40A /* CandyTodoUITests.swift */ = {isa = PBXFileReference; lastKnownFileType = sourcecode.swift; path = CandyTodoUITests.swift; sourceTree = "<group>"; };
		8CF5E8D1228A8D9A007BF40A /* Info.plist */ = {isa = PBXFileReference; lastKnownFileType = text.plist.xml; path = Info.plist; sourceTree = "<group>"; };
		8CF5E8E2228A8F59007BF40A /* Constants.swift */ = {isa = PBXFileReference; lastKnownFileType = sourcecode.swift; path = Constants.swift; sourceTree = "<group>"; };
		8CF5E8E4228A9942007BF40A /* LoginViewController.swift */ = {isa = PBXFileReference; lastKnownFileType = sourcecode.swift; path = LoginViewController.swift; sourceTree = "<group>"; };
		8CF5E8E9228AA3EE007BF40A /* TitleLabel.swift */ = {isa = PBXFileReference; lastKnownFileType = sourcecode.swift; path = TitleLabel.swift; sourceTree = "<group>"; };
		A2F3C523B228A19DEF32C0DD /* Pods-CandyTodoUITests.debug.xcconfig */ = {isa = PBXFileReference; includeInIndex = 1; lastKnownFileType = text.xcconfig; name = "Pods-CandyTodoUITests.debug.xcconfig"; path = "Target Support Files/Pods-CandyTodoUITests/Pods-CandyTodoUITests.debug.xcconfig"; sourceTree = "<group>"; };
/* End PBXFileReference section */

/* Begin PBXFrameworksBuildPhase section */
		8CF5E8A9228A8D98007BF40A /* Frameworks */ = {
			isa = PBXFrameworksBuildPhase;
			buildActionMask = 2147483647;
			files = (
				2EB77BF2D1F3D78073E868FF /* Pods_CandyTodo.framework in Frameworks */,
			);
			runOnlyForDeploymentPostprocessing = 0;
		};
		8CF5E8BD228A8D9A007BF40A /* Frameworks */ = {
			isa = PBXFrameworksBuildPhase;
			buildActionMask = 2147483647;
			files = (
				29046C78DD057775ADDB9FB8 /* Pods_CandyTodoTests.framework in Frameworks */,
			);
			runOnlyForDeploymentPostprocessing = 0;
		};
		8CF5E8C8228A8D9A007BF40A /* Frameworks */ = {
			isa = PBXFrameworksBuildPhase;
			buildActionMask = 2147483647;
			files = (
				56BC0890A9C689E521F0DCA8 /* Pods_CandyTodoUITests.framework in Frameworks */,
			);
			runOnlyForDeploymentPostprocessing = 0;
		};
/* End PBXFrameworksBuildPhase section */

/* Begin PBXGroup section */
		526F31F9C789455B04B76601 /* Frameworks */ = {
			isa = PBXGroup;
			children = (
				417E1ABC710CBE0D13B4152B /* Pods_CandyTodo.framework */,
				44E011F49A50FC1D5F793375 /* Pods_CandyTodoTests.framework */,
				1CD9E76388A24AC6B9CADF34 /* Pods_CandyTodoUITests.framework */,
			);
			name = Frameworks;
			sourceTree = "<group>";
		};
		8C28D1C0229EACFD0042D1C5 /* Login */ = {
			isa = PBXGroup;
			children = (
				8CF5E8E4228A9942007BF40A /* LoginViewController.swift */,
				8C235930228B0C9D00DE4C7C /* RegisterViewController.swift */,
			);
			path = Login;
			sourceTree = "<group>";
		};
		8C28D1C3229EAD890042D1C5 /* List */ = {
			isa = PBXGroup;
			children = (
				8C28D1D2229EB7B40042D1C5 /* ListVC.swift */,
				8C28D201229FAE9B0042D1C5 /* NewTaskVC.swift */,
			);
			path = List;
			sourceTree = "<group>";
		};
		8C28D1F6229EDC4A0042D1C5 /* Schedule */ = {
			isa = PBXGroup;
			children = (
				8C28D1F7229EDC7D0042D1C5 /* SchedulerVC.swift */,
			);
			path = Schedule;
			sourceTree = "<group>";
		};
		8C28D1F9229F1BEA0042D1C5 /* Notifications */ = {
			isa = PBXGroup;
			children = (
				8C28D1FA229F1C1A0042D1C5 /* NotificationsVC.swift */,
			);
			path = Notifications;
			sourceTree = "<group>";
		};
		8C28D1FC229F1E130042D1C5 /* Profile */ = {
			isa = PBXGroup;
			children = (
				8C28D20722A03FD70042D1C5 /* EditProfileVC.swift */,
				8C28D1FD229F1E2A0042D1C5 /* ProfileVC.swift */,
			);
			path = Profile;
			sourceTree = "<group>";
		};
		8CEAA74722C2A86C00BF2445 /* Extensions */ = {
			isa = PBXGroup;
			children = (
				8CEAA74822C2A88300BF2445 /* Firestore+Ext.swift */,
			);
			path = Extensions;
			sourceTree = "<group>";
		};
		8CF5E8A3228A8D98007BF40A = {
			isa = PBXGroup;
			children = (
				8CF5E8AE228A8D98007BF40A /* CandyTodo */,
				8CF5E8C3228A8D9A007BF40A /* CandyTodoTests */,
				8CF5E8CE228A8D9A007BF40A /* CandyTodoUITests */,
				8CF5E8AD228A8D98007BF40A /* Products */,
				E611E69FD1801551076A86DE /* Pods */,
				526F31F9C789455B04B76601 /* Frameworks */,
			);
			sourceTree = "<group>";
		};
		8CF5E8AD228A8D98007BF40A /* Products */ = {
			isa = PBXGroup;
			children = (
				8CF5E8AC228A8D98007BF40A /* CandyTodo.app */,
				8CF5E8C0228A8D9A007BF40A /* CandyTodoTests.xctest */,
				8CF5E8CB228A8D9A007BF40A /* CandyTodoUITests.xctest */,
			);
			name = Products;
			sourceTree = "<group>";
		};
		8CF5E8AE228A8D98007BF40A /* CandyTodo */ = {
			isa = PBXGroup;
			children = (
				8CEAA74722C2A86C00BF2445 /* Extensions */,
				8CF5E8E6228A9964007BF40A /* Components */,
				8CF5E8E1228A8E3F007BF40A /* Config */,
				8CF5E8E0228A8E37007BF40A /* Utils */,
				8CF5E8DF228A8E30007BF40A /* Model */,
				8CF5E8DE228A8E25007BF40A /* View */,
				8CF5E8DD228A8E1B007BF40A /* Controller */,
				8C28D1BE229EACE80042D1C5 /* MainViewController.swift */,
				8CF5E8AF228A8D99007BF40A /* AppDelegate.swift */,
				8CF5E8B3228A8D99007BF40A /* Main.storyboard */,
				8CF5E8B6228A8D9A007BF40A /* Assets.xcassets */,
				8CF5E8B8228A8D9A007BF40A /* LaunchScreen.storyboard */,
				8CEAA74522C22ECC00BF2445 /* GoogleService-Info.plist */,
				8CF5E8BB228A8D9A007BF40A /* Info.plist */,
			);
			path = CandyTodo;
			sourceTree = "<group>";
		};
		8CF5E8C3228A8D9A007BF40A /* CandyTodoTests */ = {
			isa = PBXGroup;
			children = (
				8CF5E8C4228A8D9A007BF40A /* CandyTodoTests.swift */,
				8CF5E8C6228A8D9A007BF40A /* Info.plist */,
			);
			path = CandyTodoTests;
			sourceTree = "<group>";
		};
		8CF5E8CE228A8D9A007BF40A /* CandyTodoUITests */ = {
			isa = PBXGroup;
			children = (
				8CF5E8CF228A8D9A007BF40A /* CandyTodoUITests.swift */,
				8CF5E8D1228A8D9A007BF40A /* Info.plist */,
			);
			path = CandyTodoUITests;
			sourceTree = "<group>";
		};
		8CF5E8DD228A8E1B007BF40A /* Controller */ = {
			isa = PBXGroup;
			children = (
				8C28D1C0229EACFD0042D1C5 /* Login */,
				8C28D1C3229EAD890042D1C5 /* List */,
				8C28D1F6229EDC4A0042D1C5 /* Schedule */,
				8C28D1F9229F1BEA0042D1C5 /* Notifications */,
				8C28D1FC229F1E130042D1C5 /* Profile */,
			);
			path = Controller;
			sourceTree = "<group>";
		};
		8CF5E8DE228A8E25007BF40A /* View */ = {
			isa = PBXGroup;
			children = (
				8C28D1D6229ECF600042D1C5 /* HeaderView.swift */,
			);
			path = View;
			sourceTree = "<group>";
		};
		8CF5E8DF228A8E30007BF40A /* Model */ = {
			isa = PBXGroup;
			children = (
			);
			path = Model;
			sourceTree = "<group>";
		};
		8CF5E8E0228A8E37007BF40A /* Utils */ = {
			isa = PBXGroup;
			children = (
				8CF5E8E2228A8F59007BF40A /* Constants.swift */,
			);
			path = Utils;
			sourceTree = "<group>";
		};
		8CF5E8E1228A8E3F007BF40A /* Config */ = {
			isa = PBXGroup;
			children = (
			);
			path = Config;
			sourceTree = "<group>";
		};
		8CF5E8E6228A9964007BF40A /* Components */ = {
			isa = PBXGroup;
			children = (
				8CF5E8E9228AA3EE007BF40A /* TitleLabel.swift */,
				8C28D203229FB06E0042D1C5 /* TaskTextField.swift */,
				8C28D205229FB4B40042D1C5 /* EnterTextField.swift */,
				8C28D1FF229F30F50042D1C5 /* MiddleButton.swift */,
			);
			path = Components;
			sourceTree = "<group>";
		};
		E611E69FD1801551076A86DE /* Pods */ = {
			isa = PBXGroup;
			children = (
				856FEC8B9AC44A5FBF32B7DF /* Pods-CandyTodo.debug.xcconfig */,
				0A80D37EF3A5DD335D86DDE2 /* Pods-CandyTodo.release.xcconfig */,
				0A2C66D67B2209C5DE6746FE /* Pods-CandyTodoTests.debug.xcconfig */,
				096BE6F238DC74D16C71FB2E /* Pods-CandyTodoTests.release.xcconfig */,
				A2F3C523B228A19DEF32C0DD /* Pods-CandyTodoUITests.debug.xcconfig */,
				6BA5A92F191EA5E906AB810C /* Pods-CandyTodoUITests.release.xcconfig */,
			);
			path = Pods;
			sourceTree = "<group>";
		};
/* End PBXGroup section */

/* Begin PBXNativeTarget section */
		8CF5E8AB228A8D98007BF40A /* CandyTodo */ = {
			isa = PBXNativeTarget;
			buildConfigurationList = 8CF5E8D4228A8D9A007BF40A /* Build configuration list for PBXNativeTarget "CandyTodo" */;
			buildPhases = (
				100421CFBC86E1188C956F26 /* [CP] Check Pods Manifest.lock */,
				8CF5E8A8228A8D98007BF40A /* Sources */,
				8CF5E8A9228A8D98007BF40A /* Frameworks */,
				8CF5E8AA228A8D98007BF40A /* Resources */,
				1F93A5DE4F71BEBF912D5464 /* [CP] Embed Pods Frameworks */,
			);
			buildRules = (
			);
			dependencies = (
			);
			name = CandyTodo;
			productName = CandyTodo;
			productReference = 8CF5E8AC228A8D98007BF40A /* CandyTodo.app */;
			productType = "com.apple.product-type.application";
		};
		8CF5E8BF228A8D9A007BF40A /* CandyTodoTests */ = {
			isa = PBXNativeTarget;
			buildConfigurationList = 8CF5E8D7228A8D9A007BF40A /* Build configuration list for PBXNativeTarget "CandyTodoTests" */;
			buildPhases = (
				F817602A11D5680565E5501A /* [CP] Check Pods Manifest.lock */,
				8CF5E8BC228A8D9A007BF40A /* Sources */,
				8CF5E8BD228A8D9A007BF40A /* Frameworks */,
				8CF5E8BE228A8D9A007BF40A /* Resources */,
			);
			buildRules = (
			);
			dependencies = (
				8CF5E8C2228A8D9A007BF40A /* PBXTargetDependency */,
			);
			name = CandyTodoTests;
			productName = CandyTodoTests;
			productReference = 8CF5E8C0228A8D9A007BF40A /* CandyTodoTests.xctest */;
			productType = "com.apple.product-type.bundle.unit-test";
		};
		8CF5E8CA228A8D9A007BF40A /* CandyTodoUITests */ = {
			isa = PBXNativeTarget;
			buildConfigurationList = 8CF5E8DA228A8D9A007BF40A /* Build configuration list for PBXNativeTarget "CandyTodoUITests" */;
			buildPhases = (
				444B98FA081EA2EAC3433579 /* [CP] Check Pods Manifest.lock */,
				8CF5E8C7228A8D9A007BF40A /* Sources */,
				8CF5E8C8228A8D9A007BF40A /* Frameworks */,
				8CF5E8C9228A8D9A007BF40A /* Resources */,
			);
			buildRules = (
			);
			dependencies = (
				8CF5E8CD228A8D9A007BF40A /* PBXTargetDependency */,
			);
			name = CandyTodoUITests;
			productName = CandyTodoUITests;
			productReference = 8CF5E8CB228A8D9A007BF40A /* CandyTodoUITests.xctest */;
			productType = "com.apple.product-type.bundle.ui-testing";
		};
/* End PBXNativeTarget section */

/* Begin PBXProject section */
		8CF5E8A4228A8D98007BF40A /* Project object */ = {
			isa = PBXProject;
			attributes = {
				LastSwiftUpdateCheck = 1020;
				LastUpgradeCheck = 1020;
				ORGANIZATIONNAME = "Gabor Sornyei";
				TargetAttributes = {
					8CF5E8AB228A8D98007BF40A = {
						CreatedOnToolsVersion = 10.2.1;
					};
					8CF5E8BF228A8D9A007BF40A = {
						CreatedOnToolsVersion = 10.2.1;
						TestTargetID = 8CF5E8AB228A8D98007BF40A;
					};
					8CF5E8CA228A8D9A007BF40A = {
						CreatedOnToolsVersion = 10.2.1;
						TestTargetID = 8CF5E8AB228A8D98007BF40A;
					};
				};
			};
			buildConfigurationList = 8CF5E8A7228A8D98007BF40A /* Build configuration list for PBXProject "CandyTodo" */;
			compatibilityVersion = "Xcode 9.3";
			developmentRegion = en;
			hasScannedForEncodings = 0;
			knownRegions = (
				en,
				Base,
			);
			mainGroup = 8CF5E8A3228A8D98007BF40A;
			productRefGroup = 8CF5E8AD228A8D98007BF40A /* Products */;
			projectDirPath = "";
			projectRoot = "";
			targets = (
				8CF5E8AB228A8D98007BF40A /* CandyTodo */,
				8CF5E8BF228A8D9A007BF40A /* CandyTodoTests */,
				8CF5E8CA228A8D9A007BF40A /* CandyTodoUITests */,
			);
		};
/* End PBXProject section */

/* Begin PBXResourcesBuildPhase section */
		8CF5E8AA228A8D98007BF40A /* Resources */ = {
			isa = PBXResourcesBuildPhase;
			buildActionMask = 2147483647;
			files = (
				8CF5E8BA228A8D9A007BF40A /* LaunchScreen.storyboard in Resources */,
				8CF5E8B7228A8D9A007BF40A /* Assets.xcassets in Resources */,
				8CF5E8B5228A8D99007BF40A /* Main.storyboard in Resources */,
				8CEAA74622C22ECC00BF2445 /* GoogleService-Info.plist in Resources */,
			);
			runOnlyForDeploymentPostprocessing = 0;
		};
		8CF5E8BE228A8D9A007BF40A /* Resources */ = {
			isa = PBXResourcesBuildPhase;
			buildActionMask = 2147483647;
			files = (
			);
			runOnlyForDeploymentPostprocessing = 0;
		};
		8CF5E8C9228A8D9A007BF40A /* Resources */ = {
			isa = PBXResourcesBuildPhase;
			buildActionMask = 2147483647;
			files = (
			);
			runOnlyForDeploymentPostprocessing = 0;
		};
/* End PBXResourcesBuildPhase section */

/* Begin PBXShellScriptBuildPhase section */
		100421CFBC86E1188C956F26 /* [CP] Check Pods Manifest.lock */ = {
			isa = PBXShellScriptBuildPhase;
			buildActionMask = 2147483647;
			files = (
			);
			inputFileListPaths = (
			);
			inputPaths = (
				"${PODS_PODFILE_DIR_PATH}/Podfile.lock",
				"${PODS_ROOT}/Manifest.lock",
			);
			name = "[CP] Check Pods Manifest.lock";
			outputFileListPaths = (
			);
			outputPaths = (
				"$(DERIVED_FILE_DIR)/Pods-CandyTodo-checkManifestLockResult.txt",
			);
			runOnlyForDeploymentPostprocessing = 0;
			shellPath = /bin/sh;
			shellScript = "diff \"${PODS_PODFILE_DIR_PATH}/Podfile.lock\" \"${PODS_ROOT}/Manifest.lock\" > /dev/null\nif [ $? != 0 ] ; then\n    # print error to STDERR\n    echo \"error: The sandbox is not in sync with the Podfile.lock. Run 'pod install' or update your CocoaPods installation.\" >&2\n    exit 1\nfi\n# This output is used by Xcode 'outputs' to avoid re-running this script phase.\necho \"SUCCESS\" > \"${SCRIPT_OUTPUT_FILE_0}\"\n";
			showEnvVarsInLog = 0;
		};
		1F93A5DE4F71BEBF912D5464 /* [CP] Embed Pods Frameworks */ = {
			isa = PBXShellScriptBuildPhase;
			buildActionMask = 2147483647;
			files = (
			);
			inputFileListPaths = (
				"${PODS_ROOT}/Target Support Files/Pods-CandyTodo/Pods-CandyTodo-frameworks-${CONFIGURATION}-input-files.xcfilelist",
			);
			name = "[CP] Embed Pods Frameworks";
			outputFileListPaths = (
				"${PODS_ROOT}/Target Support Files/Pods-CandyTodo/Pods-CandyTodo-frameworks-${CONFIGURATION}-output-files.xcfilelist",
			);
			runOnlyForDeploymentPostprocessing = 0;
			shellPath = /bin/sh;
			shellScript = "\"${PODS_ROOT}/Target Support Files/Pods-CandyTodo/Pods-CandyTodo-frameworks.sh\"\n";
			showEnvVarsInLog = 0;
		};
		444B98FA081EA2EAC3433579 /* [CP] Check Pods Manifest.lock */ = {
			isa = PBXShellScriptBuildPhase;
			buildActionMask = 2147483647;
			files = (
			);
			inputFileListPaths = (
			);
			inputPaths = (
				"${PODS_PODFILE_DIR_PATH}/Podfile.lock",
				"${PODS_ROOT}/Manifest.lock",
			);
			name = "[CP] Check Pods Manifest.lock";
			outputFileListPaths = (
			);
			outputPaths = (
				"$(DERIVED_FILE_DIR)/Pods-CandyTodoUITests-checkManifestLockResult.txt",
			);
			runOnlyForDeploymentPostprocessing = 0;
			shellPath = /bin/sh;
			shellScript = "diff \"${PODS_PODFILE_DIR_PATH}/Podfile.lock\" \"${PODS_ROOT}/Manifest.lock\" > /dev/null\nif [ $? != 0 ] ; then\n    # print error to STDERR\n    echo \"error: The sandbox is not in sync with the Podfile.lock. Run 'pod install' or update your CocoaPods installation.\" >&2\n    exit 1\nfi\n# This output is used by Xcode 'outputs' to avoid re-running this script phase.\necho \"SUCCESS\" > \"${SCRIPT_OUTPUT_FILE_0}\"\n";
			showEnvVarsInLog = 0;
		};
		F817602A11D5680565E5501A /* [CP] Check Pods Manifest.lock */ = {
			isa = PBXShellScriptBuildPhase;
			buildActionMask = 2147483647;
			files = (
			);
			inputFileListPaths = (
			);
			inputPaths = (
				"${PODS_PODFILE_DIR_PATH}/Podfile.lock",
				"${PODS_ROOT}/Manifest.lock",
			);
			name = "[CP] Check Pods Manifest.lock";
			outputFileListPaths = (
			);
			outputPaths = (
				"$(DERIVED_FILE_DIR)/Pods-CandyTodoTests-checkManifestLockResult.txt",
			);
			runOnlyForDeploymentPostprocessing = 0;
			shellPath = /bin/sh;
			shellScript = "diff \"${PODS_PODFILE_DIR_PATH}/Podfile.lock\" \"${PODS_ROOT}/Manifest.lock\" > /dev/null\nif [ $? != 0 ] ; then\n    # print error to STDERR\n    echo \"error: The sandbox is not in sync with the Podfile.lock. Run 'pod install' or update your CocoaPods installation.\" >&2\n    exit 1\nfi\n# This output is used by Xcode 'outputs' to avoid re-running this script phase.\necho \"SUCCESS\" > \"${SCRIPT_OUTPUT_FILE_0}\"\n";
			showEnvVarsInLog = 0;
		};
/* End PBXShellScriptBuildPhase section */

/* Begin PBXSourcesBuildPhase section */
		8CF5E8A8228A8D98007BF40A /* Sources */ = {
			isa = PBXSourcesBuildPhase;
			buildActionMask = 2147483647;
			files = (
				8CEAA74922C2A88300BF2445 /* Firestore+Ext.swift in Sources */,
				8C28D20822A03FD70042D1C5 /* EditProfileVC.swift in Sources */,
				8C28D204229FB06E0042D1C5 /* TaskTextField.swift in Sources */,
				8C28D1D3229EB7B40042D1C5 /* ListVC.swift in Sources */,
				8C28D1FB229F1C1A0042D1C5 /* NotificationsVC.swift in Sources */,
				8CF5E8E5228A9942007BF40A /* LoginViewController.swift in Sources */,
				8C28D200229F30F50042D1C5 /* MiddleButton.swift in Sources */,
				8C235931228B0C9D00DE4C7C /* RegisterViewController.swift in Sources */,
				8CF5E8EA228AA3EE007BF40A /* TitleLabel.swift in Sources */,
				8C28D1BF229EACE80042D1C5 /* MainViewController.swift in Sources */,
				8C28D206229FB4B40042D1C5 /* EnterTextField.swift in Sources */,
				8C28D1F8229EDC7D0042D1C5 /* SchedulerVC.swift in Sources */,
				8CF5E8B0228A8D99007BF40A /* AppDelegate.swift in Sources */,
				8CF5E8E3228A8F59007BF40A /* Constants.swift in Sources */,
				8C28D202229FAE9B0042D1C5 /* NewTaskVC.swift in Sources */,
				8C28D1FE229F1E2A0042D1C5 /* ProfileVC.swift in Sources */,
				8C28D1D7229ECF600042D1C5 /* HeaderView.swift in Sources */,
			);
			runOnlyForDeploymentPostprocessing = 0;
		};
		8CF5E8BC228A8D9A007BF40A /* Sources */ = {
			isa = PBXSourcesBuildPhase;
			buildActionMask = 2147483647;
			files = (
				8CF5E8C5228A8D9A007BF40A /* CandyTodoTests.swift in Sources */,
			);
			runOnlyForDeploymentPostprocessing = 0;
		};
		8CF5E8C7228A8D9A007BF40A /* Sources */ = {
			isa = PBXSourcesBuildPhase;
			buildActionMask = 2147483647;
			files = (
				8CF5E8D0228A8D9A007BF40A /* CandyTodoUITests.swift in Sources */,
			);
			runOnlyForDeploymentPostprocessing = 0;
		};
/* End PBXSourcesBuildPhase section */

/* Begin PBXTargetDependency section */
		8CF5E8C2228A8D9A007BF40A /* PBXTargetDependency */ = {
			isa = PBXTargetDependency;
			target = 8CF5E8AB228A8D98007BF40A /* CandyTodo */;
			targetProxy = 8CF5E8C1228A8D9A007BF40A /* PBXContainerItemProxy */;
		};
		8CF5E8CD228A8D9A007BF40A /* PBXTargetDependency */ = {
			isa = PBXTargetDependency;
			target = 8CF5E8AB228A8D98007BF40A /* CandyTodo */;
			targetProxy = 8CF5E8CC228A8D9A007BF40A /* PBXContainerItemProxy */;
		};
/* End PBXTargetDependency section */

/* Begin PBXVariantGroup section */
		8CF5E8B3228A8D99007BF40A /* Main.storyboard */ = {
			isa = PBXVariantGroup;
			children = (
				8CF5E8B4228A8D99007BF40A /* Base */,
			);
			name = Main.storyboard;
			sourceTree = "<group>";
		};
		8CF5E8B8228A8D9A007BF40A /* LaunchScreen.storyboard */ = {
			isa = PBXVariantGroup;
			children = (
				8CF5E8B9228A8D9A007BF40A /* Base */,
			);
			name = LaunchScreen.storyboard;
			sourceTree = "<group>";
		};
/* End PBXVariantGroup section */

/* Begin XCBuildConfiguration section */
		8CF5E8D2228A8D9A007BF40A /* Debug */ = {
			isa = XCBuildConfiguration;
			buildSettings = {
				ALWAYS_SEARCH_USER_PATHS = NO;
				CLANG_ANALYZER_NONNULL = YES;
				CLANG_ANALYZER_NUMBER_OBJECT_CONVERSION = YES_AGGRESSIVE;
				CLANG_CXX_LANGUAGE_STANDARD = "gnu++14";
				CLANG_CXX_LIBRARY = "libc++";
				CLANG_ENABLE_MODULES = YES;
				CLANG_ENABLE_OBJC_ARC = YES;
				CLANG_ENABLE_OBJC_WEAK = YES;
				CLANG_WARN_BLOCK_CAPTURE_AUTORELEASING = YES;
				CLANG_WARN_BOOL_CONVERSION = YES;
				CLANG_WARN_COMMA = YES;
				CLANG_WARN_CONSTANT_CONVERSION = YES;
				CLANG_WARN_DEPRECATED_OBJC_IMPLEMENTATIONS = YES;
				CLANG_WARN_DIRECT_OBJC_ISA_USAGE = YES_ERROR;
				CLANG_WARN_DOCUMENTATION_COMMENTS = YES;
				CLANG_WARN_EMPTY_BODY = YES;
				CLANG_WARN_ENUM_CONVERSION = YES;
				CLANG_WARN_INFINITE_RECURSION = YES;
				CLANG_WARN_INT_CONVERSION = YES;
				CLANG_WARN_NON_LITERAL_NULL_CONVERSION = YES;
				CLANG_WARN_OBJC_IMPLICIT_RETAIN_SELF = YES;
				CLANG_WARN_OBJC_LITERAL_CONVERSION = YES;
				CLANG_WARN_OBJC_ROOT_CLASS = YES_ERROR;
				CLANG_WARN_RANGE_LOOP_ANALYSIS = YES;
				CLANG_WARN_STRICT_PROTOTYPES = YES;
				CLANG_WARN_SUSPICIOUS_MOVE = YES;
				CLANG_WARN_UNGUARDED_AVAILABILITY = YES_AGGRESSIVE;
				CLANG_WARN_UNREACHABLE_CODE = YES;
				CLANG_WARN__DUPLICATE_METHOD_MATCH = YES;
				CODE_SIGN_IDENTITY = "iPhone Developer";
				COPY_PHASE_STRIP = NO;
				DEBUG_INFORMATION_FORMAT = dwarf;
				ENABLE_STRICT_OBJC_MSGSEND = YES;
				ENABLE_TESTABILITY = YES;
				GCC_C_LANGUAGE_STANDARD = gnu11;
				GCC_DYNAMIC_NO_PIC = NO;
				GCC_NO_COMMON_BLOCKS = YES;
				GCC_OPTIMIZATION_LEVEL = 0;
				GCC_PREPROCESSOR_DEFINITIONS = (
					"DEBUG=1",
					"$(inherited)",
				);
				GCC_WARN_64_TO_32_BIT_CONVERSION = YES;
				GCC_WARN_ABOUT_RETURN_TYPE = YES_ERROR;
				GCC_WARN_UNDECLARED_SELECTOR = YES;
				GCC_WARN_UNINITIALIZED_AUTOS = YES_AGGRESSIVE;
				GCC_WARN_UNUSED_FUNCTION = YES;
				GCC_WARN_UNUSED_VARIABLE = YES;
				IPHONEOS_DEPLOYMENT_TARGET = 12.2;
				MTL_ENABLE_DEBUG_INFO = INCLUDE_SOURCE;
				MTL_FAST_MATH = YES;
				ONLY_ACTIVE_ARCH = YES;
				SDKROOT = iphoneos;
				SWIFT_ACTIVE_COMPILATION_CONDITIONS = DEBUG;
				SWIFT_OPTIMIZATION_LEVEL = "-Onone";
			};
			name = Debug;
		};
		8CF5E8D3228A8D9A007BF40A /* Release */ = {
			isa = XCBuildConfiguration;
			buildSettings = {
				ALWAYS_SEARCH_USER_PATHS = NO;
				CLANG_ANALYZER_NONNULL = YES;
				CLANG_ANALYZER_NUMBER_OBJECT_CONVERSION = YES_AGGRESSIVE;
				CLANG_CXX_LANGUAGE_STANDARD = "gnu++14";
				CLANG_CXX_LIBRARY = "libc++";
				CLANG_ENABLE_MODULES = YES;
				CLANG_ENABLE_OBJC_ARC = YES;
				CLANG_ENABLE_OBJC_WEAK = YES;
				CLANG_WARN_BLOCK_CAPTURE_AUTORELEASING = YES;
				CLANG_WARN_BOOL_CONVERSION = YES;
				CLANG_WARN_COMMA = YES;
				CLANG_WARN_CONSTANT_CONVERSION = YES;
				CLANG_WARN_DEPRECATED_OBJC_IMPLEMENTATIONS = YES;
				CLANG_WARN_DIRECT_OBJC_ISA_USAGE = YES_ERROR;
				CLANG_WARN_DOCUMENTATION_COMMENTS = YES;
				CLANG_WARN_EMPTY_BODY = YES;
				CLANG_WARN_ENUM_CONVERSION = YES;
				CLANG_WARN_INFINITE_RECURSION = YES;
				CLANG_WARN_INT_CONVERSION = YES;
				CLANG_WARN_NON_LITERAL_NULL_CONVERSION = YES;
				CLANG_WARN_OBJC_IMPLICIT_RETAIN_SELF = YES;
				CLANG_WARN_OBJC_LITERAL_CONVERSION = YES;
				CLANG_WARN_OBJC_ROOT_CLASS = YES_ERROR;
				CLANG_WARN_RANGE_LOOP_ANALYSIS = YES;
				CLANG_WARN_STRICT_PROTOTYPES = YES;
				CLANG_WARN_SUSPICIOUS_MOVE = YES;
				CLANG_WARN_UNGUARDED_AVAILABILITY = YES_AGGRESSIVE;
				CLANG_WARN_UNREACHABLE_CODE = YES;
				CLANG_WARN__DUPLICATE_METHOD_MATCH = YES;
				CODE_SIGN_IDENTITY = "iPhone Developer";
				COPY_PHASE_STRIP = NO;
				DEBUG_INFORMATION_FORMAT = "dwarf-with-dsym";
				ENABLE_NS_ASSERTIONS = NO;
				ENABLE_STRICT_OBJC_MSGSEND = YES;
				GCC_C_LANGUAGE_STANDARD = gnu11;
				GCC_NO_COMMON_BLOCKS = YES;
				GCC_WARN_64_TO_32_BIT_CONVERSION = YES;
				GCC_WARN_ABOUT_RETURN_TYPE = YES_ERROR;
				GCC_WARN_UNDECLARED_SELECTOR = YES;
				GCC_WARN_UNINITIALIZED_AUTOS = YES_AGGRESSIVE;
				GCC_WARN_UNUSED_FUNCTION = YES;
				GCC_WARN_UNUSED_VARIABLE = YES;
				IPHONEOS_DEPLOYMENT_TARGET = 12.2;
				MTL_ENABLE_DEBUG_INFO = NO;
				MTL_FAST_MATH = YES;
				SDKROOT = iphoneos;
				SWIFT_COMPILATION_MODE = wholemodule;
				SWIFT_OPTIMIZATION_LEVEL = "-O";
				VALIDATE_PRODUCT = YES;
			};
			name = Release;
		};
		8CF5E8D5228A8D9A007BF40A /* Debug */ = {
			isa = XCBuildConfiguration;
			baseConfigurationReference = 856FEC8B9AC44A5FBF32B7DF /* Pods-CandyTodo.debug.xcconfig */;
			buildSettings = {
				ASSETCATALOG_COMPILER_APPICON_NAME = AppIcon;
				CODE_SIGN_STYLE = Automatic;
				DEVELOPMENT_TEAM = 8YE8M3UNR3;
				INFOPLIST_FILE = CandyTodo/Info.plist;
				LD_RUNPATH_SEARCH_PATHS = (
					"$(inherited)",
					"@executable_path/Frameworks",
				);
				PRODUCT_BUNDLE_IDENTIFIER = com.sornyei.CandyTodo;
				PRODUCT_NAME = "$(TARGET_NAME)";
				SWIFT_VERSION = 5.0;
				TARGETED_DEVICE_FAMILY = "1,2";
			};
			name = Debug;
		};
		8CF5E8D6228A8D9A007BF40A /* Release */ = {
			isa = XCBuildConfiguration;
			baseConfigurationReference = 0A80D37EF3A5DD335D86DDE2 /* Pods-CandyTodo.release.xcconfig */;
			buildSettings = {
				ASSETCATALOG_COMPILER_APPICON_NAME = AppIcon;
				CODE_SIGN_STYLE = Automatic;
				DEVELOPMENT_TEAM = 8YE8M3UNR3;
				INFOPLIST_FILE = CandyTodo/Info.plist;
				LD_RUNPATH_SEARCH_PATHS = (
					"$(inherited)",
					"@executable_path/Frameworks",
				);
				PRODUCT_BUNDLE_IDENTIFIER = com.sornyei.CandyTodo;
				PRODUCT_NAME = "$(TARGET_NAME)";
				SWIFT_VERSION = 5.0;
				TARGETED_DEVICE_FAMILY = "1,2";
			};
			name = Release;
		};
		8CF5E8D8228A8D9A007BF40A /* Debug */ = {
			isa = XCBuildConfiguration;
			baseConfigurationReference = 0A2C66D67B2209C5DE6746FE /* Pods-CandyTodoTests.debug.xcconfig */;
			buildSettings = {
				ALWAYS_EMBED_SWIFT_STANDARD_LIBRARIES = YES;
				BUNDLE_LOADER = "$(TEST_HOST)";
				CODE_SIGN_STYLE = Automatic;
				DEVELOPMENT_TEAM = 8YE8M3UNR3;
				INFOPLIST_FILE = CandyTodoTests/Info.plist;
				LD_RUNPATH_SEARCH_PATHS = (
					"$(inherited)",
					"@executable_path/Frameworks",
					"@loader_path/Frameworks",
				);
				PRODUCT_BUNDLE_IDENTIFIER = com.sornyei.CandyTodoTests;
				PRODUCT_NAME = "$(TARGET_NAME)";
				SWIFT_VERSION = 5.0;
				TARGETED_DEVICE_FAMILY = "1,2";
				TEST_HOST = "$(BUILT_PRODUCTS_DIR)/CandyTodo.app/CandyTodo";
			};
			name = Debug;
		};
		8CF5E8D9228A8D9A007BF40A /* Release */ = {
			isa = XCBuildConfiguration;
			baseConfigurationReference = 096BE6F238DC74D16C71FB2E /* Pods-CandyTodoTests.release.xcconfig */;
			buildSettings = {
				ALWAYS_EMBED_SWIFT_STANDARD_LIBRARIES = YES;
				BUNDLE_LOADER = "$(TEST_HOST)";
				CODE_SIGN_STYLE = Automatic;
				DEVELOPMENT_TEAM = 8YE8M3UNR3;
				INFOPLIST_FILE = CandyTodoTests/Info.plist;
				LD_RUNPATH_SEARCH_PATHS = (
					"$(inherited)",
					"@executable_path/Frameworks",
					"@loader_path/Frameworks",
				);
				PRODUCT_BUNDLE_IDENTIFIER = com.sornyei.CandyTodoTests;
				PRODUCT_NAME = "$(TARGET_NAME)";
				SWIFT_VERSION = 5.0;
				TARGETED_DEVICE_FAMILY = "1,2";
				TEST_HOST = "$(BUILT_PRODUCTS_DIR)/CandyTodo.app/CandyTodo";
			};
			name = Release;
		};
		8CF5E8DB228A8D9A007BF40A /* Debug */ = {
			isa = XCBuildConfiguration;
			baseConfigurationReference = A2F3C523B228A19DEF32C0DD /* Pods-CandyTodoUITests.debug.xcconfig */;
			buildSettings = {
				ALWAYS_EMBED_SWIFT_STANDARD_LIBRARIES = YES;
				CODE_SIGN_STYLE = Automatic;
				DEVELOPMENT_TEAM = 8YE8M3UNR3;
				INFOPLIST_FILE = CandyTodoUITests/Info.plist;
				LD_RUNPATH_SEARCH_PATHS = (
					"$(inherited)",
					"@executable_path/Frameworks",
					"@loader_path/Frameworks",
				);
				PRODUCT_BUNDLE_IDENTIFIER = com.sornyei.CandyTodoUITests;
				PRODUCT_NAME = "$(TARGET_NAME)";
				SWIFT_VERSION = 5.0;
				TARGETED_DEVICE_FAMILY = "1,2";
				TEST_TARGET_NAME = CandyTodo;
			};
			name = Debug;
		};
		8CF5E8DC228A8D9A007BF40A /* Release */ = {
			isa = XCBuildConfiguration;
			baseConfigurationReference = 6BA5A92F191EA5E906AB810C /* Pods-CandyTodoUITests.release.xcconfig */;
			buildSettings = {
				ALWAYS_EMBED_SWIFT_STANDARD_LIBRARIES = YES;
				CODE_SIGN_STYLE = Automatic;
				DEVELOPMENT_TEAM = 8YE8M3UNR3;
				INFOPLIST_FILE = CandyTodoUITests/Info.plist;
				LD_RUNPATH_SEARCH_PATHS = (
					"$(inherited)",
					"@executable_path/Frameworks",
					"@loader_path/Frameworks",
				);
				PRODUCT_BUNDLE_IDENTIFIER = com.sornyei.CandyTodoUITests;
				PRODUCT_NAME = "$(TARGET_NAME)";
				SWIFT_VERSION = 5.0;
				TARGETED_DEVICE_FAMILY = "1,2";
				TEST_TARGET_NAME = CandyTodo;
			};
			name = Release;
		};
/* End XCBuildConfiguration section */

/* Begin XCConfigurationList section */
		8CF5E8A7228A8D98007BF40A /* Build configuration list for PBXProject "CandyTodo" */ = {
			isa = XCConfigurationList;
			buildConfigurations = (
				8CF5E8D2228A8D9A007BF40A /* Debug */,
				8CF5E8D3228A8D9A007BF40A /* Release */,
			);
			defaultConfigurationIsVisible = 0;
			defaultConfigurationName = Release;
		};
		8CF5E8D4228A8D9A007BF40A /* Build configuration list for PBXNativeTarget "CandyTodo" */ = {
			isa = XCConfigurationList;
			buildConfigurations = (
				8CF5E8D5228A8D9A007BF40A /* Debug */,
				8CF5E8D6228A8D9A007BF40A /* Release */,
			);
			defaultConfigurationIsVisible = 0;
			defaultConfigurationName = Release;
		};
		8CF5E8D7228A8D9A007BF40A /* Build configuration list for PBXNativeTarget "CandyTodoTests" */ = {
			isa = XCConfigurationList;
			buildConfigurations = (
				8CF5E8D8228A8D9A007BF40A /* Debug */,
				8CF5E8D9228A8D9A007BF40A /* Release */,
			);
			defaultConfigurationIsVisible = 0;
			defaultConfigurationName = Release;
		};
		8CF5E8DA228A8D9A007BF40A /* Build configuration list for PBXNativeTarget "CandyTodoUITests" */ = {
			isa = XCConfigurationList;
			buildConfigurations = (
				8CF5E8DB228A8D9A007BF40A /* Debug */,
				8CF5E8DC228A8D9A007BF40A /* Release */,
			);
			defaultConfigurationIsVisible = 0;
			defaultConfigurationName = Release;
		};
/* End XCConfigurationList section */
	};
	rootObject = 8CF5E8A4228A8D98007BF40A /* Project object */;
}
